
Microsoft Visual Studio Solution File, Format Version 12.00
# Visual Studio Version 16
VisualStudioVersion = 16.0.31321.278
MinimumVisualStudioVersion = 10.0.40219.1
Project("{FAE04EC0-301F-11D3-BF4B-00C04F79EFBC}") = "OOTP21DatabaseConverter.Windows", "OOTP21DatabaseConverter\OOTP21DatabaseConverter.Windows.csproj", "{D9712AFD-BCA5-484D-A933-8E43FCA3107E}"
EndProject
Global
	GlobalSection(SolutionConfigurationPlatforms) = preSolution
		Debug|Any CPU = Debug|Any CPU
		Release|Any CPU = Release|Any CPU
	EndGlobalSection
	GlobalSection(ProjectConfigurationPlatforms) = postSolution
		{D9712AFD-BCA5-484D-A933-8E43FCA3107E}.Debug|Any CPU.ActiveCfg = Debug|Any CPU
		{D9712AFD-BCA5-484D-A933-8E43FCA3107E}.Debug|Any CPU.Build.0 = Debug|Any CPU
		{D9712AFD-BCA5-484D-A933-8E43FCA3107E}.Release|Any CPU.ActiveCfg = Release|Any CPU
		{D9712AFD-BCA5-484D-A933-8E43FCA3107E}.Release|Any CPU.Build.0 = Release|Any CPU
	EndGlobalSection
	GlobalSection(SolutionProperties) = preSolution
		HideSolutionNode = FALSE
	EndGlobalSection
	GlobalSection(ExtensibilityGlobals) = postSolution
		SolutionGuid = {6060BEC6-2E5D-4A88-A999-90E422B95F20}
	EndGlobalSection
EndGlobal
