
Microsoft Visual Studio Solution File, Format Version 12.00
# Visual Studio Version 16
VisualStudioVersion = 16.0.31321.278
MinimumVisualStudioVersion = 10.0.40219.1
Project("{9A19103F-16F7-4668-BE54-9A1E7A4F7556}") = "OOTP21DatabaseConverter.Windows", "OOTP21DatabaseConverter.Windows\OOTP21DatabaseConverter.Windows.csproj", "{D9712AFD-BCA5-484D-A933-8E43FCA3107E}"
EndProject
Project("{D954291E-2A0B-460D-934E-DC6B0785DB48}") = "ODBtoCSV.Shared", "ODBtoCSV.Shared\ODBtoCSV.Shared.shproj", "{C8A517C4-939D-4284-820D-A34470B46B7F}"
EndProject
Project("{D954291E-2A0B-460D-934E-DC6B0785DB48}") = "CSVtoODB.Shared", "CSVtoODB.Shared\CSVtoODB.Shared.shproj", "{B24F8B7F-B889-492E-88B0-3541147548D4}"
EndProject
Project("{D954291E-2A0B-460D-934E-DC6B0785DB48}") = "Utilities.Shared", "Utilities.Shared\Utilities.Shared.shproj", "{CC51B694-119E-4F1A-998B-92DF9A95CC08}"
EndProject
Project("{FAE04EC0-301F-11D3-BF4B-00C04F79EFBC}") = "OOTP21DatabaseConverter.MacOS", "OOTP21DatabaseConverter.MacOS\OOTP21DatabaseConverter.MacOS.csproj", "{25296910-C778-4888-843F-D037609D4BE1}"
EndProject
Project("{D954291E-2A0B-460D-934E-DC6B0785DB48}") = "OOTPCommon.Shared", "OOTPCommon.Shared\OOTPCommon.Shared.shproj", "{3603C0D2-C3E5-48DB-8C55-3D3DF2E1FD41}"
EndProject
Project("{54435603-DBB4-11D2-8724-00A0C9A8B90C}") = "OOTP21DatabaseConverter.Windows.Installer", "OOTP21DatabaseConverter.Windows.Installer\OOTP21DatabaseConverter.Windows.Installer.vdproj", "{98F3D1F7-990A-4EC8-B4DA-5C4CECB3320E}"
EndProject
Project("{9A19103F-16F7-4668-BE54-9A1E7A4F7556}") = "OOTP22DatabaseConverter.Windows", "OOTP22DatabaseConverter.Windows\OOTP22DatabaseConverter.Windows.csproj", "{A45618F3-4D19-4030-9F72-1A55F31085BF}"
EndProject
Project("{54435603-DBB4-11D2-8724-00A0C9A8B90C}") = "OOTP22DatabaseConverter.Windows.Installer", "OOTP22DatabaseConverter.Windows.Installer\OOTP22DatabaseConverter.Windows.Installer.vdproj", "{7CBC12AC-11AC-40C5-8141-B27D42088F4A}"
EndProject
Global
	GlobalSection(SharedMSBuildProjectFiles) = preSolution
		OOTPCommon.Shared\OOTPCommon.projitems*{3603c0d2-c3e5-48db-8c55-3d3df2e1fd41}*SharedItemsImports = 13
		CSVtoODB.Shared\CSVtoODB.Shared.projitems*{b24f8b7f-b889-492e-88b0-3541147548d4}*SharedItemsImports = 13
		ODBtoCSV.Shared\ODBtoCSV.Shared.projitems*{c8a517c4-939d-4284-820d-a34470b46b7f}*SharedItemsImports = 13
		Utilities.Shared\Utilities.Shared.projitems*{cc51b694-119e-4f1a-998b-92df9a95cc08}*SharedItemsImports = 13
	EndGlobalSection
	GlobalSection(SolutionConfigurationPlatforms) = preSolution
		Debug|Any CPU = Debug|Any CPU
		Debug|x86 = Debug|x86
		Release|Any CPU = Release|Any CPU
		Release|x86 = Release|x86
	EndGlobalSection
	GlobalSection(ProjectConfigurationPlatforms) = postSolution
		{D9712AFD-BCA5-484D-A933-8E43FCA3107E}.Debug|Any CPU.ActiveCfg = Debug|Any CPU
		{D9712AFD-BCA5-484D-A933-8E43FCA3107E}.Debug|Any CPU.Build.0 = Debug|Any CPU
		{D9712AFD-BCA5-484D-A933-8E43FCA3107E}.Debug|x86.ActiveCfg = Debug|Any CPU
		{D9712AFD-BCA5-484D-A933-8E43FCA3107E}.Debug|x86.Build.0 = Debug|Any CPU
		{D9712AFD-BCA5-484D-A933-8E43FCA3107E}.Release|Any CPU.ActiveCfg = Release|Any CPU
		{D9712AFD-BCA5-484D-A933-8E43FCA3107E}.Release|Any CPU.Build.0 = Release|Any CPU
		{D9712AFD-BCA5-484D-A933-8E43FCA3107E}.Release|x86.ActiveCfg = Release|Any CPU
		{D9712AFD-BCA5-484D-A933-8E43FCA3107E}.Release|x86.Build.0 = Release|Any CPU
		{25296910-C778-4888-843F-D037609D4BE1}.Debug|Any CPU.ActiveCfg = Debug|x86
		{25296910-C778-4888-843F-D037609D4BE1}.Debug|x86.ActiveCfg = Debug|x86
		{25296910-C778-4888-843F-D037609D4BE1}.Debug|x86.Build.0 = Debug|x86
		{25296910-C778-4888-843F-D037609D4BE1}.Release|Any CPU.ActiveCfg = Release|x86
		{25296910-C778-4888-843F-D037609D4BE1}.Release|x86.ActiveCfg = Release|x86
		{25296910-C778-4888-843F-D037609D4BE1}.Release|x86.Build.0 = Release|x86
		{98F3D1F7-990A-4EC8-B4DA-5C4CECB3320E}.Debug|Any CPU.ActiveCfg = Debug
		{98F3D1F7-990A-4EC8-B4DA-5C4CECB3320E}.Debug|x86.ActiveCfg = Debug
		{98F3D1F7-990A-4EC8-B4DA-5C4CECB3320E}.Release|Any CPU.ActiveCfg = Release
		{98F3D1F7-990A-4EC8-B4DA-5C4CECB3320E}.Release|x86.ActiveCfg = Release
		{A45618F3-4D19-4030-9F72-1A55F31085BF}.Debug|Any CPU.ActiveCfg = Debug|Any CPU
		{A45618F3-4D19-4030-9F72-1A55F31085BF}.Debug|Any CPU.Build.0 = Debug|Any CPU
		{A45618F3-4D19-4030-9F72-1A55F31085BF}.Debug|x86.ActiveCfg = Debug|Any CPU
		{A45618F3-4D19-4030-9F72-1A55F31085BF}.Debug|x86.Build.0 = Debug|Any CPU
		{A45618F3-4D19-4030-9F72-1A55F31085BF}.Release|Any CPU.ActiveCfg = Release|Any CPU
		{A45618F3-4D19-4030-9F72-1A55F31085BF}.Release|Any CPU.Build.0 = Release|Any CPU
		{A45618F3-4D19-4030-9F72-1A55F31085BF}.Release|x86.ActiveCfg = Release|Any CPU
		{A45618F3-4D19-4030-9F72-1A55F31085BF}.Release|x86.Build.0 = Release|Any CPU
		{7CBC12AC-11AC-40C5-8141-B27D42088F4A}.Debug|Any CPU.ActiveCfg = Debug
		{7CBC12AC-11AC-40C5-8141-B27D42088F4A}.Debug|x86.ActiveCfg = Debug
		{7CBC12AC-11AC-40C5-8141-B27D42088F4A}.Release|Any CPU.ActiveCfg = Release
		{7CBC12AC-11AC-40C5-8141-B27D42088F4A}.Release|x86.ActiveCfg = Release
	EndGlobalSection
	GlobalSection(SolutionProperties) = preSolution
		HideSolutionNode = FALSE
	EndGlobalSection
	GlobalSection(ExtensibilityGlobals) = postSolution
		SolutionGuid = {6060BEC6-2E5D-4A88-A999-90E422B95F20}
	EndGlobalSection
EndGlobal
